
Microsoft Visual Studio Solution File, Format Version 12.00
# Visual Studio 15
VisualStudioVersion = 15.0.28307.489
MinimumVisualStudioVersion = 10.0.40219.1
Project("{FAE04EC0-301F-11D3-BF4B-00C04F79EFBC}") = "AppX.Android", "AppX\AppX.Android\AppX.Android.csproj", "{BBB7787A-1BF8-445A-B946-46286EC477F1}"
EndProject
Project("{FAE04EC0-301F-11D3-BF4B-00C04F79EFBC}") = "AppX.iOS", "AppX\AppX.iOS\AppX.iOS.csproj", "{89301F07-9811-4465-B946-FA5612465336}"
EndProject
Project("{FAE04EC0-301F-11D3-BF4B-00C04F79EFBC}") = "AppX", "AppX\AppX\AppX.csproj", "{2EA4DF00-EE21-4B1C-BF79-243CDDE97563}"
EndProject
Global
	GlobalSection(SolutionConfigurationPlatforms) = preSolution
		Ad-Hoc|Any CPU = Ad-Hoc|Any CPU
		Ad-Hoc|iPhone = Ad-Hoc|iPhone
		Ad-Hoc|iPhoneSimulator = Ad-Hoc|iPhoneSimulator
		AppStore|Any CPU = AppStore|Any CPU
		AppStore|iPhone = AppStore|iPhone
		AppStore|iPhoneSimulator = AppStore|iPhoneSimulator
		Debug|Any CPU = Debug|Any CPU
		Debug|iPhone = Debug|iPhone
		Debug|iPhoneSimulator = Debug|iPhoneSimulator
		Release|Any CPU = Release|Any CPU
		Release|iPhone = Release|iPhone
		Release|iPhoneSimulator = Release|iPhoneSimulator
	EndGlobalSection
	GlobalSection(ProjectConfigurationPlatforms) = postSolution
		{BBB7787A-1BF8-445A-B946-46286EC477F1}.Ad-Hoc|Any CPU.ActiveCfg = Release|Any CPU
		{BBB7787A-1BF8-445A-B946-46286EC477F1}.Ad-Hoc|Any CPU.Build.0 = Release|Any CPU
		{BBB7787A-1BF8-445A-B946-46286EC477F1}.Ad-Hoc|Any CPU.Deploy.0 = Release|Any CPU
		{BBB7787A-1BF8-445A-B946-46286EC477F1}.Ad-Hoc|iPhone.ActiveCfg = Release|Any CPU
		{BBB7787A-1BF8-445A-B946-46286EC477F1}.Ad-Hoc|iPhone.Build.0 = Release|Any CPU
		{BBB7787A-1BF8-445A-B946-46286EC477F1}.Ad-Hoc|iPhone.Deploy.0 = Release|Any CPU
		{BBB7787A-1BF8-445A-B946-46286EC477F1}.Ad-Hoc|iPhoneSimulator.ActiveCfg = Release|Any CPU
		{BBB7787A-1BF8-445A-B946-46286EC477F1}.Ad-Hoc|iPhoneSimulator.Build.0 = Release|Any CPU
		{BBB7787A-1BF8-445A-B946-46286EC477F1}.Ad-Hoc|iPhoneSimulator.Deploy.0 = Release|Any CPU
		{BBB7787A-1BF8-445A-B946-46286EC477F1}.AppStore|Any CPU.ActiveCfg = Release|Any CPU
		{BBB7787A-1BF8-445A-B946-46286EC477F1}.AppStore|Any CPU.Build.0 = Release|Any CPU
		{BBB7787A-1BF8-445A-B946-46286EC477F1}.AppStore|Any CPU.Deploy.0 = Release|Any CPU
		{BBB7787A-1BF8-445A-B946-46286EC477F1}.AppStore|iPhone.ActiveCfg = Release|Any CPU
		{BBB7787A-1BF8-445A-B946-46286EC477F1}.AppStore|iPhone.Build.0 = Release|Any CPU
		{BBB7787A-1BF8-445A-B946-46286EC477F1}.AppStore|iPhone.Deploy.0 = Release|Any CPU
		{BBB7787A-1BF8-445A-B946-46286EC477F1}.AppStore|iPhoneSimulator.ActiveCfg = Release|Any CPU
		{BBB7787A-1BF8-445A-B946-46286EC477F1}.AppStore|iPhoneSimulator.Build.0 = Release|Any CPU
		{BBB7787A-1BF8-445A-B946-46286EC477F1}.AppStore|iPhoneSimulator.Deploy.0 = Release|Any CPU
		{BBB7787A-1BF8-445A-B946-46286EC477F1}.Debug|Any CPU.ActiveCfg = Debug|Any CPU
		{BBB7787A-1BF8-445A-B946-46286EC477F1}.Debug|Any CPU.Build.0 = Debug|Any CPU
		{BBB7787A-1BF8-445A-B946-46286EC477F1}.Debug|Any CPU.Deploy.0 = Debug|Any CPU
		{BBB7787A-1BF8-445A-B946-46286EC477F1}.Debug|iPhone.ActiveCfg = Debug|Any CPU
		{BBB7787A-1BF8-445A-B946-46286EC477F1}.Debug|iPhone.Build.0 = Debug|Any CPU
		{BBB7787A-1BF8-445A-B946-46286EC477F1}.Debug|iPhone.Deploy.0 = Debug|Any CPU
		{BBB7787A-1BF8-445A-B946-46286EC477F1}.Debug|iPhoneSimulator.ActiveCfg = Debug|Any CPU
		{BBB7787A-1BF8-445A-B946-46286EC477F1}.Debug|iPhoneSimulator.Build.0 = Debug|Any CPU
		{BBB7787A-1BF8-445A-B946-46286EC477F1}.Debug|iPhoneSimulator.Deploy.0 = Debug|Any CPU
		{BBB7787A-1BF8-445A-B946-46286EC477F1}.Release|Any CPU.ActiveCfg = Release|Any CPU
		{BBB7787A-1BF8-445A-B946-46286EC477F1}.Release|Any CPU.Build.0 = Release|Any CPU
		{BBB7787A-1BF8-445A-B946-46286EC477F1}.Release|Any CPU.Deploy.0 = Release|Any CPU
		{BBB7787A-1BF8-445A-B946-46286EC477F1}.Release|iPhone.ActiveCfg = Release|Any CPU
		{BBB7787A-1BF8-445A-B946-46286EC477F1}.Release|iPhone.Build.0 = Release|Any CPU
		{BBB7787A-1BF8-445A-B946-46286EC477F1}.Release|iPhone.Deploy.0 = Release|Any CPU
		{BBB7787A-1BF8-445A-B946-46286EC477F1}.Release|iPhoneSimulator.ActiveCfg = Release|Any CPU
		{BBB7787A-1BF8-445A-B946-46286EC477F1}.Release|iPhoneSimulator.Build.0 = Release|Any CPU
		{BBB7787A-1BF8-445A-B946-46286EC477F1}.Release|iPhoneSimulator.Deploy.0 = Release|Any CPU
		{89301F07-9811-4465-B946-FA5612465336}.Ad-Hoc|Any CPU.ActiveCfg = Ad-Hoc|iPhone
		{89301F07-9811-4465-B946-FA5612465336}.Ad-Hoc|Any CPU.Build.0 = Ad-Hoc|iPhone
		{89301F07-9811-4465-B946-FA5612465336}.Ad-Hoc|Any CPU.Deploy.0 = Ad-Hoc|iPhone
		{89301F07-9811-4465-B946-FA5612465336}.Ad-Hoc|iPhone.ActiveCfg = Ad-Hoc|iPhone
		{89301F07-9811-4465-B946-FA5612465336}.Ad-Hoc|iPhone.Build.0 = Ad-Hoc|iPhone
		{89301F07-9811-4465-B946-FA5612465336}.Ad-Hoc|iPhone.Deploy.0 = Ad-Hoc|iPhone
		{89301F07-9811-4465-B946-FA5612465336}.Ad-Hoc|iPhoneSimulator.ActiveCfg = Ad-Hoc|iPhoneSimulator
		{89301F07-9811-4465-B946-FA5612465336}.Ad-Hoc|iPhoneSimulator.Build.0 = Ad-Hoc|iPhoneSimulator
		{89301F07-9811-4465-B946-FA5612465336}.Ad-Hoc|iPhoneSimulator.Deploy.0 = Ad-Hoc|iPhoneSimulator
		{89301F07-9811-4465-B946-FA5612465336}.AppStore|Any CPU.ActiveCfg = AppStore|iPhone
		{89301F07-9811-4465-B946-FA5612465336}.AppStore|Any CPU.Build.0 = AppStore|iPhone
		{89301F07-9811-4465-B946-FA5612465336}.AppStore|Any CPU.Deploy.0 = AppStore|iPhone
		{89301F07-9811-4465-B946-FA5612465336}.AppStore|iPhone.ActiveCfg = AppStore|iPhone
		{89301F07-9811-4465-B946-FA5612465336}.AppStore|iPhone.Build.0 = AppStore|iPhone
		{89301F07-9811-4465-B946-FA5612465336}.AppStore|iPhone.Deploy.0 = AppStore|iPhone
		{89301F07-9811-4465-B946-FA5612465336}.AppStore|iPhoneSimulator.ActiveCfg = AppStore|iPhoneSimulator
		{89301F07-9811-4465-B946-FA5612465336}.AppStore|iPhoneSimulator.Build.0 = AppStore|iPhoneSimulator
		{89301F07-9811-4465-B946-FA5612465336}.AppStore|iPhoneSimulator.Deploy.0 = AppStore|iPhoneSimulator
		{89301F07-9811-4465-B946-FA5612465336}.Debug|Any CPU.ActiveCfg = Debug|iPhoneSimulator
		{89301F07-9811-4465-B946-FA5612465336}.Debug|Any CPU.Build.0 = Debug|iPhoneSimulator
		{89301F07-9811-4465-B946-FA5612465336}.Debug|Any CPU.Deploy.0 = Debug|iPhoneSimulator
		{89301F07-9811-4465-B946-FA5612465336}.Debug|iPhone.ActiveCfg = Debug|iPhone
		{89301F07-9811-4465-B946-FA5612465336}.Debug|iPhone.Build.0 = Debug|iPhone
		{89301F07-9811-4465-B946-FA5612465336}.Debug|iPhone.Deploy.0 = Debug|iPhone
		{89301F07-9811-4465-B946-FA5612465336}.Debug|iPhoneSimulator.ActiveCfg = Debug|iPhoneSimulator
		{89301F07-9811-4465-B946-FA5612465336}.Debug|iPhoneSimulator.Build.0 = Debug|iPhoneSimulator
		{89301F07-9811-4465-B946-FA5612465336}.Debug|iPhoneSimulator.Deploy.0 = Debug|iPhoneSimulator
		{89301F07-9811-4465-B946-FA5612465336}.Release|Any CPU.ActiveCfg = Release|iPhone
		{89301F07-9811-4465-B946-FA5612465336}.Release|Any CPU.Build.0 = Release|iPhone
		{89301F07-9811-4465-B946-FA5612465336}.Release|Any CPU.Deploy.0 = Release|iPhone
		{89301F07-9811-4465-B946-FA5612465336}.Release|iPhone.ActiveCfg = Release|iPhone
		{89301F07-9811-4465-B946-FA5612465336}.Release|iPhone.Build.0 = Release|iPhone
		{89301F07-9811-4465-B946-FA5612465336}.Release|iPhone.Deploy.0 = Release|iPhone
		{89301F07-9811-4465-B946-FA5612465336}.Release|iPhoneSimulator.ActiveCfg = Release|iPhoneSimulator
		{89301F07-9811-4465-B946-FA5612465336}.Release|iPhoneSimulator.Build.0 = Release|iPhoneSimulator
		{89301F07-9811-4465-B946-FA5612465336}.Release|iPhoneSimulator.Deploy.0 = Release|iPhoneSimulator
		{2EA4DF00-EE21-4B1C-BF79-243CDDE97563}.Ad-Hoc|Any CPU.ActiveCfg = Debug|Any CPU
		{2EA4DF00-EE21-4B1C-BF79-243CDDE97563}.Ad-Hoc|Any CPU.Build.0 = Debug|Any CPU
		{2EA4DF00-EE21-4B1C-BF79-243CDDE97563}.Ad-Hoc|Any CPU.Deploy.0 = Debug|Any CPU
		{2EA4DF00-EE21-4B1C-BF79-243CDDE97563}.Ad-Hoc|iPhone.ActiveCfg = Debug|Any CPU
		{2EA4DF00-EE21-4B1C-BF79-243CDDE97563}.Ad-Hoc|iPhone.Build.0 = Debug|Any CPU
		{2EA4DF00-EE21-4B1C-BF79-243CDDE97563}.Ad-Hoc|iPhone.Deploy.0 = Debug|Any CPU
		{2EA4DF00-EE21-4B1C-BF79-243CDDE97563}.Ad-Hoc|iPhoneSimulator.ActiveCfg = Debug|Any CPU
		{2EA4DF00-EE21-4B1C-BF79-243CDDE97563}.Ad-Hoc|iPhoneSimulator.Build.0 = Debug|Any CPU
		{2EA4DF00-EE21-4B1C-BF79-243CDDE97563}.Ad-Hoc|iPhoneSimulator.Deploy.0 = Debug|Any CPU
		{2EA4DF00-EE21-4B1C-BF79-243CDDE97563}.AppStore|Any CPU.ActiveCfg = Debug|Any CPU
		{2EA4DF00-EE21-4B1C-BF79-243CDDE97563}.AppStore|Any CPU.Build.0 = Debug|Any CPU
		{2EA4DF00-EE21-4B1C-BF79-243CDDE97563}.AppStore|Any CPU.Deploy.0 = Debug|Any CPU
		{2EA4DF00-EE21-4B1C-BF79-243CDDE97563}.AppStore|iPhone.ActiveCfg = Debug|Any CPU
		{2EA4DF00-EE21-4B1C-BF79-243CDDE97563}.AppStore|iPhone.Build.0 = Debug|Any CPU
		{2EA4DF00-EE21-4B1C-BF79-243CDDE97563}.AppStore|iPhone.Deploy.0 = Debug|Any CPU
		{2EA4DF00-EE21-4B1C-BF79-243CDDE97563}.AppStore|iPhoneSimulator.ActiveCfg = Debug|Any CPU
		{2EA4DF00-EE21-4B1C-BF79-243CDDE97563}.AppStore|iPhoneSimulator.Build.0 = Debug|Any CPU
		{2EA4DF00-EE21-4B1C-BF79-243CDDE97563}.AppStore|iPhoneSimulator.Deploy.0 = Debug|Any CPU
		{2EA4DF00-EE21-4B1C-BF79-243CDDE97563}.Debug|Any CPU.ActiveCfg = Debug|Any CPU
		{2EA4DF00-EE21-4B1C-BF79-243CDDE97563}.Debug|Any CPU.Build.0 = Debug|Any CPU
		{2EA4DF00-EE21-4B1C-BF79-243CDDE97563}.Debug|Any CPU.Deploy.0 = Debug|Any CPU
		{2EA4DF00-EE21-4B1C-BF79-243CDDE97563}.Debug|iPhone.ActiveCfg = Debug|Any CPU
		{2EA4DF00-EE21-4B1C-BF79-243CDDE97563}.Debug|iPhone.Build.0 = Debug|Any CPU
		{2EA4DF00-EE21-4B1C-BF79-243CDDE97563}.Debug|iPhone.Deploy.0 = Debug|Any CPU
		{2EA4DF00-EE21-4B1C-BF79-243CDDE97563}.Debug|iPhoneSimulator.ActiveCfg = Debug|Any CPU
		{2EA4DF00-EE21-4B1C-BF79-243CDDE97563}.Debug|iPhoneSimulator.Build.0 = Debug|Any CPU
		{2EA4DF00-EE21-4B1C-BF79-243CDDE97563}.Debug|iPhoneSimulator.Deploy.0 = Debug|Any CPU
		{2EA4DF00-EE21-4B1C-BF79-243CDDE97563}.Release|Any CPU.ActiveCfg = Release|Any CPU
		{2EA4DF00-EE21-4B1C-BF79-243CDDE97563}.Release|Any CPU.Build.0 = Release|Any CPU
		{2EA4DF00-EE21-4B1C-BF79-243CDDE97563}.Release|Any CPU.Deploy.0 = Release|Any CPU
		{2EA4DF00-EE21-4B1C-BF79-243CDDE97563}.Release|iPhone.ActiveCfg = Release|Any CPU
		{2EA4DF00-EE21-4B1C-BF79-243CDDE97563}.Release|iPhone.Build.0 = Release|Any CPU
		{2EA4DF00-EE21-4B1C-BF79-243CDDE97563}.Release|iPhone.Deploy.0 = Release|Any CPU
		{2EA4DF00-EE21-4B1C-BF79-243CDDE97563}.Release|iPhoneSimulator.ActiveCfg = Release|Any CPU
		{2EA4DF00-EE21-4B1C-BF79-243CDDE97563}.Release|iPhoneSimulator.Build.0 = Release|Any CPU
		{2EA4DF00-EE21-4B1C-BF79-243CDDE97563}.Release|iPhoneSimulator.Deploy.0 = Release|Any CPU
	EndGlobalSection
	GlobalSection(SolutionProperties) = preSolution
		HideSolutionNode = FALSE
	EndGlobalSection
	GlobalSection(ExtensibilityGlobals) = postSolution
		SolutionGuid = {7F8A48EB-145E-40FA-A4D4-234CDC9EF24A}
	EndGlobalSection
EndGlobal
